{
  "name": "repl",
  "version": "0.1.0",
  "lockfileVersion": 3,
  "requires": true,
  "packages": {
    "": {
      "name": "repl",
      "version": "0.1.0",
      "license": "ISC",
      "dependencies": {
        "prism-cli": "^0.5.3"
      }
    },
    "node_modules/@jcubic/lily": {
      "version": "0.1.0",
      "resolved": "https://registry.npmjs.org/@jcubic/lily/-/lily-0.1.0.tgz",
      "integrity": "sha512-kIsp4dmIUHn3YHIqFhEylY+mgI988KcYI8f19og7LqmLzkouPZNBip/oL8iemElie0gqx5CeQ5HxZv/SuNkOaA=="
    },
    "node_modules/has-flag": {
      "version": "4.0.0",
      "resolved": "https://registry.npmjs.org/has-flag/-/has-flag-4.0.0.tgz",
      "integrity": "sha512-EykJT/Q1KjTWctppgIAgfSO0tKVuZUjhgMr17kqTumMl6Afv3EISleU7qZUzoXDFTAHTDC4NOoG/ZxU3EvlMPQ==",
      "engines": {
        "node": ">=8"
      }
    },
    "node_modules/prism-cli": {
      "version": "0.5.3",
      "resolved": "https://registry.npmjs.org/prism-cli/-/prism-cli-0.5.3.tgz",
      "integrity": "sha512-8tuw/MmG/U3d74j5JTWvTI6quEV4G4a5vsso0LDaYBFEbPd1yN3V/VuOYk47IKS2Iuj8E7j1WPQAFCUEdULo3w==",
      "dependencies": {
        "@jcubic/lily": "^0.1.0",
        "prismjs": "^1.22.0",
        "supports-color": "^7.2.0"
      },
      "bin": {
        "prism": "bin/prism.js"
      }
    },
    "node_modules/prismjs": {
      "version": "1.29.0",
      "resolved": "https://registry.npmjs.org/prismjs/-/prismjs-1.29.0.tgz",
      "integrity": "sha512-Kx/1w86q/epKcmte75LNrEoT+lX8pBpavuAbvJWRXar7Hz8jrtF+e3vY751p0R8H9HdArwaCTNDDzHg/ScJK1Q==",
      "engines": {
        "node": ">=6"
      }
    },
    "node_modules/supports-color": {
      "version": "7.2.0",
      "resolved": "https://registry.npmjs.org/supports-color/-/supports-color-7.2.0.tgz",
      "integrity": "sha512-qpCAvRl9stuOHveKsn7HncJRvv501qIacKzQlO/+Lwxc9+0q2wLyv4Dfvt80/DPn2pqOBsJdDiogXGR9+OvwRw==",
      "dependencies": {
        "has-flag": "^4.0.0"
      },
      "engines": {
        "node": ">=8"
      }
    }
  }
}
